
Microsoft Visual Studio Solution File, Format Version 12.00
# Visual Studio 14
Project("{8BC9CEB8-8B4A-11D0-8D11-00A0C91BC942}") = "3d", "3d.vcxproj", "{D45E6456-6BC4-4BE1-BA64-2BCD8B97FB55}"
EndProject
Project("{8BC9CEB8-8B4A-11D0-8D11-00A0C91BC942}") = "3d_multi", "3d_multi.vcxproj", "{BE55FE51-8CA0-4F58-A76C-E611407E4923}"
EndProject
Project("{8BC9CEB8-8B4A-11D0-8D11-00A0C91BC942}") = "event_parameter", "event_parameter.vcxproj", "{965917EA-06B0-4C8A-8F6B-4828C3EBDE20}"
EndProject
Project("{8BC9CEB8-8B4A-11D0-8D11-00A0C91BC942}") = "load_banks", "load_banks.vcxproj", "{E767D75B-E203-4D23-88D3-3BD37C812250}"
EndProject
Project("{8BC9CEB8-8B4A-11D0-8D11-00A0C91BC942}") = "music_callbacks", "music_callbacks.vcxproj", "{719EB6A0-7114-4F1B-8295-E7C87CC5144F}"
EndProject
Project("{8BC9CEB8-8B4A-11D0-8D11-00A0C91BC942}") = "objectpan", "objectpan.vcxproj", "{28B76ED6-B4A9-47F3-BEFB-84065B9623CE}"
EndProject
Project("{8BC9CEB8-8B4A-11D0-8D11-00A0C91BC942}") = "programmer_sound", "programmer_sound.vcxproj", "{C1409656-9D13-429F-979D-4F5A7D6B008F}"
EndProject
Project("{8BC9CEB8-8B4A-11D0-8D11-00A0C91BC942}") = "recording_playback", "recording_playback.vcxproj", "{28A84157-362D-41C2-AB45-34058EC10F4B}"
EndProject
Project("{8BC9CEB8-8B4A-11D0-8D11-00A0C91BC942}") = "simple_event", "simple_event.vcxproj", "{4F1817CD-5D8B-4B06-A5A5-55740C4E0131}"
EndProject
Global
	GlobalSection(SolutionConfigurationPlatforms) = preSolution
		Debug|ARM = Debug|ARM
		Debug|Win32 = Debug|Win32
		Debug|x64 = Debug|x64
		Release|ARM = Release|ARM
		Release|Win32 = Release|Win32
		Release|x64 = Release|x64
	EndGlobalSection
	GlobalSection(ProjectConfigurationPlatforms) = postSolution
		{D45E6456-6BC4-4BE1-BA64-2BCD8B97FB55}.Debug|ARM.ActiveCfg = Debug|ARM
		{D45E6456-6BC4-4BE1-BA64-2BCD8B97FB55}.Debug|ARM.Build.0 = Debug|ARM
		{D45E6456-6BC4-4BE1-BA64-2BCD8B97FB55}.Debug|ARM.Deploy.0 = Debug|ARM
		{D45E6456-6BC4-4BE1-BA64-2BCD8B97FB55}.Debug|Win32.ActiveCfg = Debug|Win32
		{D45E6456-6BC4-4BE1-BA64-2BCD8B97FB55}.Debug|Win32.Build.0 = Debug|Win32
		{D45E6456-6BC4-4BE1-BA64-2BCD8B97FB55}.Debug|Win32.Deploy.0 = Debug|Win32
		{D45E6456-6BC4-4BE1-BA64-2BCD8B97FB55}.Debug|x64.ActiveCfg = Debug|x64
		{D45E6456-6BC4-4BE1-BA64-2BCD8B97FB55}.Debug|x64.Build.0 = Debug|x64
		{D45E6456-6BC4-4BE1-BA64-2BCD8B97FB55}.Debug|x64.Deploy.0 = Debug|x64
		{D45E6456-6BC4-4BE1-BA64-2BCD8B97FB55}.Release|ARM.ActiveCfg = Release|ARM
		{D45E6456-6BC4-4BE1-BA64-2BCD8B97FB55}.Release|ARM.Build.0 = Release|ARM
		{D45E6456-6BC4-4BE1-BA64-2BCD8B97FB55}.Release|ARM.Deploy.0 = Release|ARM
		{D45E6456-6BC4-4BE1-BA64-2BCD8B97FB55}.Release|Win32.ActiveCfg = Release|Win32
		{D45E6456-6BC4-4BE1-BA64-2BCD8B97FB55}.Release|Win32.Build.0 = Release|Win32
		{D45E6456-6BC4-4BE1-BA64-2BCD8B97FB55}.Release|Win32.Deploy.0 = Release|Win32
		{D45E6456-6BC4-4BE1-BA64-2BCD8B97FB55}.Release|x64.ActiveCfg = Release|x64
		{D45E6456-6BC4-4BE1-BA64-2BCD8B97FB55}.Release|x64.Build.0 = Release|x64
		{D45E6456-6BC4-4BE1-BA64-2BCD8B97FB55}.Release|x64.Deploy.0 = Release|x64
		{BE55FE51-8CA0-4F58-A76C-E611407E4923}.Debug|ARM.ActiveCfg = Debug|ARM
		{BE55FE51-8CA0-4F58-A76C-E611407E4923}.Debug|ARM.Build.0 = Debug|ARM
		{BE55FE51-8CA0-4F58-A76C-E611407E4923}.Debug|ARM.Deploy.0 = Debug|ARM
		{BE55FE51-8CA0-4F58-A76C-E611407E4923}.Debug|Win32.ActiveCfg = Debug|Win32
		{BE55FE51-8CA0-4F58-A76C-E611407E4923}.Debug|Win32.Build.0 = Debug|Win32
		{BE55FE51-8CA0-4F58-A76C-E611407E4923}.Debug|Win32.Deploy.0 = Debug|Win32
		{BE55FE51-8CA0-4F58-A76C-E611407E4923}.Debug|x64.ActiveCfg = Debug|x64
		{BE55FE51-8CA0-4F58-A76C-E611407E4923}.Debug|x64.Build.0 = Debug|x64
		{BE55FE51-8CA0-4F58-A76C-E611407E4923}.Debug|x64.Deploy.0 = Debug|x64
		{BE55FE51-8CA0-4F58-A76C-E611407E4923}.Release|ARM.ActiveCfg = Release|ARM
		{BE55FE51-8CA0-4F58-A76C-E611407E4923}.Release|ARM.Build.0 = Release|ARM
		{BE55FE51-8CA0-4F58-A76C-E611407E4923}.Release|ARM.Deploy.0 = Release|ARM
		{BE55FE51-8CA0-4F58-A76C-E611407E4923}.Release|Win32.ActiveCfg = Release|Win32
		{BE55FE51-8CA0-4F58-A76C-E611407E4923}.Release|Win32.Build.0 = Release|Win32
		{BE55FE51-8CA0-4F58-A76C-E611407E4923}.Release|Win32.Deploy.0 = Release|Win32
		{BE55FE51-8CA0-4F58-A76C-E611407E4923}.Release|x64.ActiveCfg = Release|x64
		{BE55FE51-8CA0-4F58-A76C-E611407E4923}.Release|x64.Build.0 = Release|x64
		{BE55FE51-8CA0-4F58-A76C-E611407E4923}.Release|x64.Deploy.0 = Release|x64
		{965917EA-06B0-4C8A-8F6B-4828C3EBDE20}.Debug|ARM.ActiveCfg = Debug|ARM
		{965917EA-06B0-4C8A-8F6B-4828C3EBDE20}.Debug|ARM.Build.0 = Debug|ARM
		{965917EA-06B0-4C8A-8F6B-4828C3EBDE20}.Debug|ARM.Deploy.0 = Debug|ARM
		{965917EA-06B0-4C8A-8F6B-4828C3EBDE20}.Debug|Win32.ActiveCfg = Debug|Win32
		{965917EA-06B0-4C8A-8F6B-4828C3EBDE20}.Debug|Win32.Build.0 = Debug|Win32
		{965917EA-06B0-4C8A-8F6B-4828C3EBDE20}.Debug|Win32.Deploy.0 = Debug|Win32
		{965917EA-06B0-4C8A-8F6B-4828C3EBDE20}.Debug|x64.ActiveCfg = Debug|x64
		{965917EA-06B0-4C8A-8F6B-4828C3EBDE20}.Debug|x64.Build.0 = Debug|x64
		{965917EA-06B0-4C8A-8F6B-4828C3EBDE20}.Debug|x64.Deploy.0 = Debug|x64
		{965917EA-06B0-4C8A-8F6B-4828C3EBDE20}.Release|ARM.ActiveCfg = Release|ARM
		{965917EA-06B0-4C8A-8F6B-4828C3EBDE20}.Release|ARM.Build.0 = Release|ARM
		{965917EA-06B0-4C8A-8F6B-4828C3EBDE20}.Release|ARM.Deploy.0 = Release|ARM
		{965917EA-06B0-4C8A-8F6B-4828C3EBDE20}.Release|Win32.ActiveCfg = Release|Win32
		{965917EA-06B0-4C8A-8F6B-4828C3EBDE20}.Release|Win32.Build.0 = Release|Win32
		{965917EA-06B0-4C8A-8F6B-4828C3EBDE20}.Release|Win32.Deploy.0 = Release|Win32
		{965917EA-06B0-4C8A-8F6B-4828C3EBDE20}.Release|x64.ActiveCfg = Release|x64
		{965917EA-06B0-4C8A-8F6B-4828C3EBDE20}.Release|x64.Build.0 = Release|x64
		{965917EA-06B0-4C8A-8F6B-4828C3EBDE20}.Release|x64.Deploy.0 = Release|x64
		{E767D75B-E203-4D23-88D3-3BD37C812250}.Debug|ARM.ActiveCfg = Debug|ARM
		{E767D75B-E203-4D23-88D3-3BD37C812250}.Debug|ARM.Build.0 = Debug|ARM
		{E767D75B-E203-4D23-88D3-3BD37C812250}.Debug|ARM.Deploy.0 = Debug|ARM
		{E767D75B-E203-4D23-88D3-3BD37C812250}.Debug|Win32.ActiveCfg = Debug|Win32
		{E767D75B-E203-4D23-88D3-3BD37C812250}.Debug|Win32.Build.0 = Debug|Win32
		{E767D75B-E203-4D23-88D3-3BD37C812250}.Debug|Win32.Deploy.0 = Debug|Win32
		{E767D75B-E203-4D23-88D3-3BD37C812250}.Debug|x64.ActiveCfg = Debug|x64
		{E767D75B-E203-4D23-88D3-3BD37C812250}.Debug|x64.Build.0 = Debug|x64
		{E767D75B-E203-4D23-88D3-3BD37C812250}.Debug|x64.Deploy.0 = Debug|x64
		{E767D75B-E203-4D23-88D3-3BD37C812250}.Release|ARM.ActiveCfg = Release|ARM
		{E767D75B-E203-4D23-88D3-3BD37C812250}.Release|ARM.Build.0 = Release|ARM
		{E767D75B-E203-4D23-88D3-3BD37C812250}.Release|ARM.Deploy.0 = Release|ARM
		{E767D75B-E203-4D23-88D3-3BD37C812250}.Release|Win32.ActiveCfg = Release|Win32
		{E767D75B-E203-4D23-88D3-3BD37C812250}.Release|Win32.Build.0 = Release|Win32
		{E767D75B-E203-4D23-88D3-3BD37C812250}.Release|Win32.Deploy.0 = Release|Win32
		{E767D75B-E203-4D23-88D3-3BD37C812250}.Release|x64.ActiveCfg = Release|x64
		{E767D75B-E203-4D23-88D3-3BD37C812250}.Release|x64.Build.0 = Release|x64
		{E767D75B-E203-4D23-88D3-3BD37C812250}.Release|x64.Deploy.0 = Release|x64
		{719EB6A0-7114-4F1B-8295-E7C87CC5144F}.Debug|ARM.ActiveCfg = Debug|ARM
		{719EB6A0-7114-4F1B-8295-E7C87CC5144F}.Debug|ARM.Build.0 = Debug|ARM
		{719EB6A0-7114-4F1B-8295-E7C87CC5144F}.Debug|ARM.Deploy.0 = Debug|ARM
		{719EB6A0-7114-4F1B-8295-E7C87CC5144F}.Debug|Win32.ActiveCfg = Debug|Win32
		{719EB6A0-7114-4F1B-8295-E7C87CC5144F}.Debug|Win32.Build.0 = Debug|Win32
		{719EB6A0-7114-4F1B-8295-E7C87CC5144F}.Debug|Win32.Deploy.0 = Debug|Win32
		{719EB6A0-7114-4F1B-8295-E7C87CC5144F}.Debug|x64.ActiveCfg = Debug|x64
		{719EB6A0-7114-4F1B-8295-E7C87CC5144F}.Debug|x64.Build.0 = Debug|x64
		{719EB6A0-7114-4F1B-8295-E7C87CC5144F}.Debug|x64.Deploy.0 = Debug|x64
		{719EB6A0-7114-4F1B-8295-E7C87CC5144F}.Release|ARM.ActiveCfg = Release|ARM
		{719EB6A0-7114-4F1B-8295-E7C87CC5144F}.Release|ARM.Build.0 = Release|ARM
		{719EB6A0-7114-4F1B-8295-E7C87CC5144F}.Release|ARM.Deploy.0 = Release|ARM
		{719EB6A0-7114-4F1B-8295-E7C87CC5144F}.Release|Win32.ActiveCfg = Release|Win32
		{719EB6A0-7114-4F1B-8295-E7C87CC5144F}.Release|Win32.Build.0 = Release|Win32
		{719EB6A0-7114-4F1B-8295-E7C87CC5144F}.Release|Win32.Deploy.0 = Release|Win32
		{719EB6A0-7114-4F1B-8295-E7C87CC5144F}.Release|x64.ActiveCfg = Release|x64
		{719EB6A0-7114-4F1B-8295-E7C87CC5144F}.Release|x64.Build.0 = Release|x64
		{719EB6A0-7114-4F1B-8295-E7C87CC5144F}.Release|x64.Deploy.0 = Release|x64
		{28B76ED6-B4A9-47F3-BEFB-84065B9623CE}.Debug|ARM.ActiveCfg = Debug|ARM
		{28B76ED6-B4A9-47F3-BEFB-84065B9623CE}.Debug|ARM.Build.0 = Debug|ARM
		{28B76ED6-B4A9-47F3-BEFB-84065B9623CE}.Debug|ARM.Deploy.0 = Debug|ARM
		{28B76ED6-B4A9-47F3-BEFB-84065B9623CE}.Debug|Win32.ActiveCfg = Debug|Win32
		{28B76ED6-B4A9-47F3-BEFB-84065B9623CE}.Debug|Win32.Build.0 = Debug|Win32
		{28B76ED6-B4A9-47F3-BEFB-84065B9623CE}.Debug|Win32.Deploy.0 = Debug|Win32
		{28B76ED6-B4A9-47F3-BEFB-84065B9623CE}.Debug|x64.ActiveCfg = Debug|x64
		{28B76ED6-B4A9-47F3-BEFB-84065B9623CE}.Debug|x64.Build.0 = Debug|x64
		{28B76ED6-B4A9-47F3-BEFB-84065B9623CE}.Debug|x64.Deploy.0 = Debug|x64
		{28B76ED6-B4A9-47F3-BEFB-84065B9623CE}.Release|ARM.ActiveCfg = Release|ARM
		{28B76ED6-B4A9-47F3-BEFB-84065B9623CE}.Release|ARM.Build.0 = Release|ARM
		{28B76ED6-B4A9-47F3-BEFB-84065B9623CE}.Release|ARM.Deploy.0 = Release|ARM
		{28B76ED6-B4A9-47F3-BEFB-84065B9623CE}.Release|Win32.ActiveCfg = Release|Win32
		{28B76ED6-B4A9-47F3-BEFB-84065B9623CE}.Release|Win32.Build.0 = Release|Win32
		{28B76ED6-B4A9-47F3-BEFB-84065B9623CE}.Release|Win32.Deploy.0 = Release|Win32
		{28B76ED6-B4A9-47F3-BEFB-84065B9623CE}.Release|x64.ActiveCfg = Release|x64
		{28B76ED6-B4A9-47F3-BEFB-84065B9623CE}.Release|x64.Build.0 = Release|x64
		{28B76ED6-B4A9-47F3-BEFB-84065B9623CE}.Release|x64.Deploy.0 = Release|x64
		{C1409656-9D13-429F-979D-4F5A7D6B008F}.Debug|ARM.ActiveCfg = Debug|ARM
		{C1409656-9D13-429F-979D-4F5A7D6B008F}.Debug|ARM.Build.0 = Debug|ARM
		{C1409656-9D13-429F-979D-4F5A7D6B008F}.Debug|ARM.Deploy.0 = Debug|ARM
		{C1409656-9D13-429F-979D-4F5A7D6B008F}.Debug|Win32.ActiveCfg = Debug|Win32
		{C1409656-9D13-429F-979D-4F5A7D6B008F}.Debug|Win32.Build.0 = Debug|Win32
		{C1409656-9D13-429F-979D-4F5A7D6B008F}.Debug|Win32.Deploy.0 = Debug|Win32
		{C1409656-9D13-429F-979D-4F5A7D6B008F}.Debug|x64.ActiveCfg = Debug|x64
		{C1409656-9D13-429F-979D-4F5A7D6B008F}.Debug|x64.Build.0 = Debug|x64
		{C1409656-9D13-429F-979D-4F5A7D6B008F}.Debug|x64.Deploy.0 = Debug|x64
		{C1409656-9D13-429F-979D-4F5A7D6B008F}.Release|ARM.ActiveCfg = Release|ARM
		{C1409656-9D13-429F-979D-4F5A7D6B008F}.Release|ARM.Build.0 = Release|ARM
		{C1409656-9D13-429F-979D-4F5A7D6B008F}.Release|ARM.Deploy.0 = Release|ARM
		{C1409656-9D13-429F-979D-4F5A7D6B008F}.Release|Win32.ActiveCfg = Release|Win32
		{C1409656-9D13-429F-979D-4F5A7D6B008F}.Release|Win32.Build.0 = Release|Win32
		{C1409656-9D13-429F-979D-4F5A7D6B008F}.Release|Win32.Deploy.0 = Release|Win32
		{C1409656-9D13-429F-979D-4F5A7D6B008F}.Release|x64.ActiveCfg = Release|x64
		{C1409656-9D13-429F-979D-4F5A7D6B008F}.Release|x64.Build.0 = Release|x64
		{C1409656-9D13-429F-979D-4F5A7D6B008F}.Release|x64.Deploy.0 = Release|x64
		{28A84157-362D-41C2-AB45-34058EC10F4B}.Debug|ARM.ActiveCfg = Debug|ARM
		{28A84157-362D-41C2-AB45-34058EC10F4B}.Debug|ARM.Build.0 = Debug|ARM
		{28A84157-362D-41C2-AB45-34058EC10F4B}.Debug|ARM.Deploy.0 = Debug|ARM
		{28A84157-362D-41C2-AB45-34058EC10F4B}.Debug|Win32.ActiveCfg = Debug|Win32
		{28A84157-362D-41C2-AB45-34058EC10F4B}.Debug|Win32.Build.0 = Debug|Win32
		{28A84157-362D-41C2-AB45-34058EC10F4B}.Debug|Win32.Deploy.0 = Debug|Win32
		{28A84157-362D-41C2-AB45-34058EC10F4B}.Debug|x64.ActiveCfg = Debug|x64
		{28A84157-362D-41C2-AB45-34058EC10F4B}.Debug|x64.Build.0 = Debug|x64
		{28A84157-362D-41C2-AB45-34058EC10F4B}.Debug|x64.Deploy.0 = Debug|x64
		{28A84157-362D-41C2-AB45-34058EC10F4B}.Release|ARM.ActiveCfg = Release|ARM
		{28A84157-362D-41C2-AB45-34058EC10F4B}.Release|ARM.Build.0 = Release|ARM
		{28A84157-362D-41C2-AB45-34058EC10F4B}.Release|ARM.Deploy.0 = Release|ARM
		{28A84157-362D-41C2-AB45-34058EC10F4B}.Release|Win32.ActiveCfg = Release|Win32
		{28A84157-362D-41C2-AB45-34058EC10F4B}.Release|Win32.Build.0 = Release|Win32
		{28A84157-362D-41C2-AB45-34058EC10F4B}.Release|Win32.Deploy.0 = Release|Win32
		{28A84157-362D-41C2-AB45-34058EC10F4B}.Release|x64.ActiveCfg = Release|x64
		{28A84157-362D-41C2-AB45-34058EC10F4B}.Release|x64.Build.0 = Release|x64
		{28A84157-362D-41C2-AB45-34058EC10F4B}.Release|x64.Deploy.0 = Release|x64
		{4F1817CD-5D8B-4B06-A5A5-55740C4E0131}.Debug|ARM.ActiveCfg = Debug|ARM
		{4F1817CD-5D8B-4B06-A5A5-55740C4E0131}.Debug|ARM.Build.0 = Debug|ARM
		{4F1817CD-5D8B-4B06-A5A5-55740C4E0131}.Debug|ARM.Deploy.0 = Debug|ARM
		{4F1817CD-5D8B-4B06-A5A5-55740C4E0131}.Debug|Win32.ActiveCfg = Debug|Win32
		{4F1817CD-5D8B-4B06-A5A5-55740C4E0131}.Debug|Win32.Build.0 = Debug|Win32
		{4F1817CD-5D8B-4B06-A5A5-55740C4E0131}.Debug|Win32.Deploy.0 = Debug|Win32
		{4F1817CD-5D8B-4B06-A5A5-55740C4E0131}.Debug|x64.ActiveCfg = Debug|x64
		{4F1817CD-5D8B-4B06-A5A5-55740C4E0131}.Debug|x64.Build.0 = Debug|x64
		{4F1817CD-5D8B-4B06-A5A5-55740C4E0131}.Debug|x64.Deploy.0 = Debug|x64
		{4F1817CD-5D8B-4B06-A5A5-55740C4E0131}.Release|ARM.ActiveCfg = Release|ARM
		{4F1817CD-5D8B-4B06-A5A5-55740C4E0131}.Release|ARM.Build.0 = Release|ARM
		{4F1817CD-5D8B-4B06-A5A5-55740C4E0131}.Release|ARM.Deploy.0 = Release|ARM
		{4F1817CD-5D8B-4B06-A5A5-55740C4E0131}.Release|Win32.ActiveCfg = Release|Win32
		{4F1817CD-5D8B-4B06-A5A5-55740C4E0131}.Release|Win32.Build.0 = Release|Win32
		{4F1817CD-5D8B-4B06-A5A5-55740C4E0131}.Release|Win32.Deploy.0 = Release|Win32
		{4F1817CD-5D8B-4B06-A5A5-55740C4E0131}.Release|x64.ActiveCfg = Release|x64
		{4F1817CD-5D8B-4B06-A5A5-55740C4E0131}.Release|x64.Build.0 = Release|x64
		{4F1817CD-5D8B-4B06-A5A5-55740C4E0131}.Release|x64.Deploy.0 = Release|x64
	EndGlobalSection
	GlobalSection(SolutionProperties) = preSolution
		HideSolutionNode = FALSE
	EndGlobalSection
EndGlobal
